<?xml version="1.0" encoding="UTF-8"?>
<Scheme LastUpgradeVersion="2640" version="1.7"><BuildAction parallelizeBuildables="YES" buildImplicitDependencies="YES"><BuildActionEntries><BuildActionEntry buildForTesting="YES" buildForRunning="YES" buildForProfiling="YES" buildForArchiving="YES" buildForAnalyzing="YES"><BuildableReference BuildableIdentifier="primary" BlueprintIdentifier="CA439131CAC74FDF3467DF9A" BuildableName="StationCatMusic.app" BlueprintName="StationCatMusic" ReferencedContainer="container:StationCatMusic.xcodeproj" /></BuildActionEntry></BuildActionEntries></BuildAction><TestAction buildConfiguration="Mock" selectedDebuggerIdentifier="Xcode.DebuggerFoundation.Debugger.LLDB" selectedLauncherIdentifier="Xcode.IDEFoundation.Launcher.LLDB"><Testables><TestableReference skipped="NO"><BuildableReference BuildableIdentifier="primary" BlueprintIdentifier="A8819C3380D69D09101D397D" BuildableName="StationCatMusicTests.xctest" BlueprintName="StationCatMusicTests" ReferencedContainer="container:StationCatMusic.xcodeproj" /></TestableReference><TestableReference skipped="NO"><BuildableReference BuildableIdentifier="primary" BlueprintIdentifier="2660726EF9D581B074BE0090" BuildableName="StationCatMusicUITests.xctest" BlueprintName="StationCatMusicUITests" ReferencedContainer="container:StationCatMusic.xcodeproj" /></TestableReference></Testables></TestAction><LaunchAction buildConfiguration="Mock" selectedDebuggerIdentifier="Xcode.DebuggerFoundation.Debugger.LLDB" selectedLauncherIdentifier="Xcode.IDEFoundation.Launcher.LLDB" launchStyle="0" useCustomWorkingDirectory="NO" ignoresPersistentStateOnLaunch="NO" debugDocumentVersioning="YES" allowLocationSimulation="NO"><BuildableProductRunnable runnableDebuggingMode="0"><BuildableReference BuildableIdentifier="primary" BlueprintIdentifier="CA439131CAC74FDF3467DF9A" BuildableName="StationCatMusic.app" BlueprintName="StationCatMusic" ReferencedContainer="container:StationCatMusic.xcodeproj" /></BuildableProductRunnable></LaunchAction><ProfileAction buildConfiguration="Production"/><AnalyzeAction buildConfiguration="Mock"/><ArchiveAction buildConfiguration="Production" revealArchiveInOrganizer="YES"/></Scheme>